Microsoft Visual Studio Solution File, Format Version 12.00
# Visual Studio Version 17
VisualStudioVersion = 17.5.2.0
MinimumVisualStudioVersion = 10.0.40219.1
Project("{FAE04EC0-301F-11D3-BF4B-00C04F79EFBC}") = "Clark", "Clark\Clark.csproj", "{97F1AC57-0239-A06A-6AB6-01A29112F187}"
EndProject
Global
	GlobalSection(SolutionConfigurationPlatforms) = preSolution
		Debug|Any CPU = Debug|Any CPU
		Release|Any CPU = Release|Any CPU
	EndGlobalSection
	GlobalSection(ProjectConfigurationPlatforms) = postSolution
		{97F1AC57-0239-A06A-6AB6-01A29112F187}.Debug|Any CPU.ActiveCfg = Debug|Any CPU
		{97F1AC57-0239-A06A-6AB6-01A29112F187}.Debug|Any CPU.Build.0 = Debug|Any CPU
		{97F1AC57-0239-A06A-6AB6-01A29112F187}.Release|Any CPU.ActiveCfg = Release|Any CPU
		{97F1AC57-0239-A06A-6AB6-01A29112F187}.Release|Any CPU.Build.0 = Release|Any CPU
	EndGlobalSection
	GlobalSection(SolutionProperties) = preSolution
		HideSolutionNode = FALSE
	EndGlobalSection
	GlobalSection(ExtensibilityGlobals) = postSolution
		SolutionGuid = {69F821AE-5B2B-48AB-B4F7-8D9E3A351852}
	EndGlobalSection
EndGlobal
